{
  "name": "dt-sql-parser",
  "version": "1.0.0",
  "lockfileVersion": 1,
  "requires": true,
  "dependencies": {
    "node-query": {
      "version": "0.3.3",
      "resolved": "http://registry.npm.taobao.org/node-query/download/node-query-0.3.3.tgz",
      "integrity": "sha1-s+PXV/7y4oAdUs09R5ikVfAa5Ks=",
      "dev": true
    },
    "pegjs": {
      "version": "0.7.0",
      "resolved": "http://registry.npm.taobao.org/pegjs/download/pegjs-0.7.0.tgz",
      "integrity": "sha1-qqH4JPnnGX7ETiKlevUi9wDdaJ4=",
      "dev": true
    }
  }
}
